
Microsoft Visual Studio Solution File, Format Version 12.00
# Visual Studio 2012
Project("{FAE04EC0-301F-11D3-BF4B-00C04F79EFBC}") = "Network", "Network\Network.csproj", "{EA58BE0B-96F9-4019-B985-987ACB70F236}"
EndProject
Project("{FAE04EC0-301F-11D3-BF4B-00C04F79EFBC}") = "MW1", "Middleware1\MW1.csproj", "{6F90A451-D053-4ACF-AAD4-A1E01ABDA0DE}"
EndProject
Project("{FAE04EC0-301F-11D3-BF4B-00C04F79EFBC}") = "MW2", "Middleware2\MW2.csproj", "{7BB251F0-DDF0-486C-8669-1ABC1643626F}"
EndProject
Project("{FAE04EC0-301F-11D3-BF4B-00C04F79EFBC}") = "MW3", "Middleware3\MW3.csproj", "{94E78CD3-D9E3-41E9-988F-5F4562366E0F}"
EndProject
Project("{FAE04EC0-301F-11D3-BF4B-00C04F79EFBC}") = "MW4", "Middleware4\MW4.csproj", "{9B357282-7A37-44C4-BC30-1DBF18CC54D4}"
EndProject
Project("{FAE04EC0-301F-11D3-BF4B-00C04F79EFBC}") = "MW5", "Middleware5\MW5.csproj", "{61A84011-CDC3-40FA-8B9B-E7CE11EC39E3}"
EndProject
Global
	GlobalSection(SolutionConfigurationPlatforms) = preSolution
		Debug|Any CPU = Debug|Any CPU
		Release|Any CPU = Release|Any CPU
	EndGlobalSection
	GlobalSection(ProjectConfigurationPlatforms) = postSolution
		{EA58BE0B-96F9-4019-B985-987ACB70F236}.Debug|Any CPU.ActiveCfg = Debug|Any CPU
		{EA58BE0B-96F9-4019-B985-987ACB70F236}.Debug|Any CPU.Build.0 = Debug|Any CPU
		{EA58BE0B-96F9-4019-B985-987ACB70F236}.Release|Any CPU.ActiveCfg = Release|Any CPU
		{EA58BE0B-96F9-4019-B985-987ACB70F236}.Release|Any CPU.Build.0 = Release|Any CPU
		{6F90A451-D053-4ACF-AAD4-A1E01ABDA0DE}.Debug|Any CPU.ActiveCfg = Debug|Any CPU
		{6F90A451-D053-4ACF-AAD4-A1E01ABDA0DE}.Debug|Any CPU.Build.0 = Debug|Any CPU
		{6F90A451-D053-4ACF-AAD4-A1E01ABDA0DE}.Release|Any CPU.ActiveCfg = Release|Any CPU
		{6F90A451-D053-4ACF-AAD4-A1E01ABDA0DE}.Release|Any CPU.Build.0 = Release|Any CPU
		{7BB251F0-DDF0-486C-8669-1ABC1643626F}.Debug|Any CPU.ActiveCfg = Debug|Any CPU
		{7BB251F0-DDF0-486C-8669-1ABC1643626F}.Debug|Any CPU.Build.0 = Debug|Any CPU
		{7BB251F0-DDF0-486C-8669-1ABC1643626F}.Release|Any CPU.ActiveCfg = Release|Any CPU
		{7BB251F0-DDF0-486C-8669-1ABC1643626F}.Release|Any CPU.Build.0 = Release|Any CPU
		{94E78CD3-D9E3-41E9-988F-5F4562366E0F}.Debug|Any CPU.ActiveCfg = Debug|Any CPU
		{94E78CD3-D9E3-41E9-988F-5F4562366E0F}.Debug|Any CPU.Build.0 = Debug|Any CPU
		{94E78CD3-D9E3-41E9-988F-5F4562366E0F}.Release|Any CPU.ActiveCfg = Release|Any CPU
		{94E78CD3-D9E3-41E9-988F-5F4562366E0F}.Release|Any CPU.Build.0 = Release|Any CPU
		{9B357282-7A37-44C4-BC30-1DBF18CC54D4}.Debug|Any CPU.ActiveCfg = Debug|Any CPU
		{9B357282-7A37-44C4-BC30-1DBF18CC54D4}.Debug|Any CPU.Build.0 = Debug|Any CPU
		{9B357282-7A37-44C4-BC30-1DBF18CC54D4}.Release|Any CPU.ActiveCfg = Release|Any CPU
		{9B357282-7A37-44C4-BC30-1DBF18CC54D4}.Release|Any CPU.Build.0 = Release|Any CPU
		{61A84011-CDC3-40FA-8B9B-E7CE11EC39E3}.Debug|Any CPU.ActiveCfg = Debug|Any CPU
		{61A84011-CDC3-40FA-8B9B-E7CE11EC39E3}.Debug|Any CPU.Build.0 = Debug|Any CPU
		{61A84011-CDC3-40FA-8B9B-E7CE11EC39E3}.Release|Any CPU.ActiveCfg = Release|Any CPU
		{61A84011-CDC3-40FA-8B9B-E7CE11EC39E3}.Release|Any CPU.Build.0 = Release|Any CPU
	EndGlobalSection
	GlobalSection(SolutionProperties) = preSolution
		HideSolutionNode = FALSE
	EndGlobalSection
EndGlobal
